
Microsoft Visual Studio Solution File, Format Version 12.00
# Visual Studio Version 17
VisualStudioVersion = 17.6.33829.357
MinimumVisualStudioVersion = 10.0.40219.1
Project("{C7167F0D-BC9F-4E6E-AFE1-012C56B48DB5}") = "WAPinstaller", "WAPinstaller\WAPinstaller.wapproj", "{B85A4574-042D-4326-A900-508625B2F17C}"
EndProject
Project("{9A19103F-16F7-4668-BE54-9A1E7A4F7556}") = "WinUISample", "WinUISample\WinUISample\WinUISample.csproj", "{48463C44-51DB-4EF8-988B-A2785415FF49}"
EndProject
Project("{FAE04EC0-301F-11D3-BF4B-00C04F79EFBC}") = "RuntimeComponentUWP", "RuntimeComponentUWP\RuntimeComponentUWP.csproj", "{33E841DE-AECD-4B2F-8E8E-9075E7BD1C9E}"
EndProject
Project("{FAE04EC0-301F-11D3-BF4B-00C04F79EFBC}") = "UWPCustomApp", "UWPCustomApp\UWPCustomApp.csproj", "{C81457D0-F45D-454C-A011-779036B45B03}"
EndProject
Global
	GlobalSection(SolutionConfigurationPlatforms) = preSolution
		Debug|Any CPU = Debug|Any CPU
		Debug|ARM = Debug|ARM
		Debug|ARM64 = Debug|ARM64
		Debug|x64 = Debug|x64
		Debug|x86 = Debug|x86
		Release|Any CPU = Release|Any CPU
		Release|ARM = Release|ARM
		Release|ARM64 = Release|ARM64
		Release|x64 = Release|x64
		Release|x86 = Release|x86
	EndGlobalSection
	GlobalSection(ProjectConfigurationPlatforms) = postSolution
		{B85A4574-042D-4326-A900-508625B2F17C}.Debug|Any CPU.ActiveCfg = Debug|Any CPU
		{B85A4574-042D-4326-A900-508625B2F17C}.Debug|Any CPU.Build.0 = Debug|Any CPU
		{B85A4574-042D-4326-A900-508625B2F17C}.Debug|Any CPU.Deploy.0 = Debug|Any CPU
		{B85A4574-042D-4326-A900-508625B2F17C}.Debug|ARM.ActiveCfg = Debug|ARM
		{B85A4574-042D-4326-A900-508625B2F17C}.Debug|ARM.Build.0 = Debug|ARM
		{B85A4574-042D-4326-A900-508625B2F17C}.Debug|ARM.Deploy.0 = Debug|ARM
		{B85A4574-042D-4326-A900-508625B2F17C}.Debug|ARM64.ActiveCfg = Debug|ARM64
		{B85A4574-042D-4326-A900-508625B2F17C}.Debug|ARM64.Build.0 = Debug|ARM64
		{B85A4574-042D-4326-A900-508625B2F17C}.Debug|ARM64.Deploy.0 = Debug|ARM64
		{B85A4574-042D-4326-A900-508625B2F17C}.Debug|x64.ActiveCfg = Debug|x64
		{B85A4574-042D-4326-A900-508625B2F17C}.Debug|x64.Build.0 = Debug|x64
		{B85A4574-042D-4326-A900-508625B2F17C}.Debug|x64.Deploy.0 = Debug|x64
		{B85A4574-042D-4326-A900-508625B2F17C}.Debug|x86.ActiveCfg = Debug|x86
		{B85A4574-042D-4326-A900-508625B2F17C}.Debug|x86.Build.0 = Debug|x86
		{B85A4574-042D-4326-A900-508625B2F17C}.Debug|x86.Deploy.0 = Debug|x86
		{B85A4574-042D-4326-A900-508625B2F17C}.Release|Any CPU.ActiveCfg = Release|Any CPU
		{B85A4574-042D-4326-A900-508625B2F17C}.Release|Any CPU.Build.0 = Release|Any CPU
		{B85A4574-042D-4326-A900-508625B2F17C}.Release|Any CPU.Deploy.0 = Release|Any CPU
		{B85A4574-042D-4326-A900-508625B2F17C}.Release|ARM.ActiveCfg = Release|ARM
		{B85A4574-042D-4326-A900-508625B2F17C}.Release|ARM.Build.0 = Release|ARM
		{B85A4574-042D-4326-A900-508625B2F17C}.Release|ARM.Deploy.0 = Release|ARM
		{B85A4574-042D-4326-A900-508625B2F17C}.Release|ARM64.ActiveCfg = Release|ARM64
		{B85A4574-042D-4326-A900-508625B2F17C}.Release|ARM64.Build.0 = Release|ARM64
		{B85A4574-042D-4326-A900-508625B2F17C}.Release|ARM64.Deploy.0 = Release|ARM64
		{B85A4574-042D-4326-A900-508625B2F17C}.Release|x64.ActiveCfg = Release|x64
		{B85A4574-042D-4326-A900-508625B2F17C}.Release|x64.Build.0 = Release|x64
		{B85A4574-042D-4326-A900-508625B2F17C}.Release|x64.Deploy.0 = Release|x64
		{B85A4574-042D-4326-A900-508625B2F17C}.Release|x86.ActiveCfg = Release|x86
		{B85A4574-042D-4326-A900-508625B2F17C}.Release|x86.Build.0 = Release|x86
		{B85A4574-042D-4326-A900-508625B2F17C}.Release|x86.Deploy.0 = Release|x86
		{48463C44-51DB-4EF8-988B-A2785415FF49}.Debug|Any CPU.ActiveCfg = Debug|x64
		{48463C44-51DB-4EF8-988B-A2785415FF49}.Debug|Any CPU.Build.0 = Debug|x64
		{48463C44-51DB-4EF8-988B-A2785415FF49}.Debug|ARM.ActiveCfg = Debug|x64
		{48463C44-51DB-4EF8-988B-A2785415FF49}.Debug|ARM.Build.0 = Debug|x64
		{48463C44-51DB-4EF8-988B-A2785415FF49}.Debug|ARM64.ActiveCfg = Debug|ARM64
		{48463C44-51DB-4EF8-988B-A2785415FF49}.Debug|ARM64.Build.0 = Debug|ARM64
		{48463C44-51DB-4EF8-988B-A2785415FF49}.Debug|x64.ActiveCfg = Debug|x64
		{48463C44-51DB-4EF8-988B-A2785415FF49}.Debug|x64.Build.0 = Debug|x64
		{48463C44-51DB-4EF8-988B-A2785415FF49}.Debug|x86.ActiveCfg = Debug|x86
		{48463C44-51DB-4EF8-988B-A2785415FF49}.Debug|x86.Build.0 = Debug|x86
		{48463C44-51DB-4EF8-988B-A2785415FF49}.Release|Any CPU.ActiveCfg = Release|x64
		{48463C44-51DB-4EF8-988B-A2785415FF49}.Release|Any CPU.Build.0 = Release|x64
		{48463C44-51DB-4EF8-988B-A2785415FF49}.Release|ARM.ActiveCfg = Release|x64
		{48463C44-51DB-4EF8-988B-A2785415FF49}.Release|ARM.Build.0 = Release|x64
		{48463C44-51DB-4EF8-988B-A2785415FF49}.Release|ARM64.ActiveCfg = Release|ARM64
		{48463C44-51DB-4EF8-988B-A2785415FF49}.Release|ARM64.Build.0 = Release|ARM64
		{48463C44-51DB-4EF8-988B-A2785415FF49}.Release|x64.ActiveCfg = Release|x64
		{48463C44-51DB-4EF8-988B-A2785415FF49}.Release|x64.Build.0 = Release|x64
		{48463C44-51DB-4EF8-988B-A2785415FF49}.Release|x86.ActiveCfg = Release|x86
		{48463C44-51DB-4EF8-988B-A2785415FF49}.Release|x86.Build.0 = Release|x86
		{33E841DE-AECD-4B2F-8E8E-9075E7BD1C9E}.Debug|Any CPU.ActiveCfg = Debug|Any CPU
		{33E841DE-AECD-4B2F-8E8E-9075E7BD1C9E}.Debug|Any CPU.Build.0 = Debug|Any CPU
		{33E841DE-AECD-4B2F-8E8E-9075E7BD1C9E}.Debug|ARM.ActiveCfg = Debug|ARM
		{33E841DE-AECD-4B2F-8E8E-9075E7BD1C9E}.Debug|ARM.Build.0 = Debug|ARM
		{33E841DE-AECD-4B2F-8E8E-9075E7BD1C9E}.Debug|ARM64.ActiveCfg = Debug|ARM64
		{33E841DE-AECD-4B2F-8E8E-9075E7BD1C9E}.Debug|ARM64.Build.0 = Debug|ARM64
		{33E841DE-AECD-4B2F-8E8E-9075E7BD1C9E}.Debug|x64.ActiveCfg = Debug|x64
		{33E841DE-AECD-4B2F-8E8E-9075E7BD1C9E}.Debug|x64.Build.0 = Debug|x64
		{33E841DE-AECD-4B2F-8E8E-9075E7BD1C9E}.Debug|x86.ActiveCfg = Debug|x86
		{33E841DE-AECD-4B2F-8E8E-9075E7BD1C9E}.Debug|x86.Build.0 = Debug|x86
		{33E841DE-AECD-4B2F-8E8E-9075E7BD1C9E}.Release|Any CPU.ActiveCfg = Release|Any CPU
		{33E841DE-AECD-4B2F-8E8E-9075E7BD1C9E}.Release|Any CPU.Build.0 = Release|Any CPU
		{33E841DE-AECD-4B2F-8E8E-9075E7BD1C9E}.Release|ARM.ActiveCfg = Release|ARM
		{33E841DE-AECD-4B2F-8E8E-9075E7BD1C9E}.Release|ARM.Build.0 = Release|ARM
		{33E841DE-AECD-4B2F-8E8E-9075E7BD1C9E}.Release|ARM64.ActiveCfg = Release|ARM64
		{33E841DE-AECD-4B2F-8E8E-9075E7BD1C9E}.Release|ARM64.Build.0 = Release|ARM64
		{33E841DE-AECD-4B2F-8E8E-9075E7BD1C9E}.Release|x64.ActiveCfg = Release|x64
		{33E841DE-AECD-4B2F-8E8E-9075E7BD1C9E}.Release|x64.Build.0 = Release|x64
		{33E841DE-AECD-4B2F-8E8E-9075E7BD1C9E}.Release|x86.ActiveCfg = Release|x86
		{33E841DE-AECD-4B2F-8E8E-9075E7BD1C9E}.Release|x86.Build.0 = Release|x86
		{C81457D0-F45D-454C-A011-779036B45B03}.Debug|Any CPU.ActiveCfg = Debug|x64
		{C81457D0-F45D-454C-A011-779036B45B03}.Debug|Any CPU.Build.0 = Debug|x64
		{C81457D0-F45D-454C-A011-779036B45B03}.Debug|Any CPU.Deploy.0 = Debug|x64
		{C81457D0-F45D-454C-A011-779036B45B03}.Debug|ARM.ActiveCfg = Debug|ARM
		{C81457D0-F45D-454C-A011-779036B45B03}.Debug|ARM.Build.0 = Debug|ARM
		{C81457D0-F45D-454C-A011-779036B45B03}.Debug|ARM.Deploy.0 = Debug|ARM
		{C81457D0-F45D-454C-A011-779036B45B03}.Debug|ARM64.ActiveCfg = Debug|ARM64
		{C81457D0-F45D-454C-A011-779036B45B03}.Debug|ARM64.Build.0 = Debug|ARM64
		{C81457D0-F45D-454C-A011-779036B45B03}.Debug|ARM64.Deploy.0 = Debug|ARM64
		{C81457D0-F45D-454C-A011-779036B45B03}.Debug|x64.ActiveCfg = Debug|x64
		{C81457D0-F45D-454C-A011-779036B45B03}.Debug|x64.Build.0 = Debug|x64
		{C81457D0-F45D-454C-A011-779036B45B03}.Debug|x64.Deploy.0 = Debug|x64
		{C81457D0-F45D-454C-A011-779036B45B03}.Debug|x86.ActiveCfg = Debug|x86
		{C81457D0-F45D-454C-A011-779036B45B03}.Debug|x86.Build.0 = Debug|x86
		{C81457D0-F45D-454C-A011-779036B45B03}.Debug|x86.Deploy.0 = Debug|x86
		{C81457D0-F45D-454C-A011-779036B45B03}.Release|Any CPU.ActiveCfg = Release|x64
		{C81457D0-F45D-454C-A011-779036B45B03}.Release|Any CPU.Build.0 = Release|x64
		{C81457D0-F45D-454C-A011-779036B45B03}.Release|Any CPU.Deploy.0 = Release|x64
		{C81457D0-F45D-454C-A011-779036B45B03}.Release|ARM.ActiveCfg = Release|ARM
		{C81457D0-F45D-454C-A011-779036B45B03}.Release|ARM.Build.0 = Release|ARM
		{C81457D0-F45D-454C-A011-779036B45B03}.Release|ARM.Deploy.0 = Release|ARM
		{C81457D0-F45D-454C-A011-779036B45B03}.Release|ARM64.ActiveCfg = Release|ARM64
		{C81457D0-F45D-454C-A011-779036B45B03}.Release|ARM64.Build.0 = Release|ARM64
		{C81457D0-F45D-454C-A011-779036B45B03}.Release|ARM64.Deploy.0 = Release|ARM64
		{C81457D0-F45D-454C-A011-779036B45B03}.Release|x64.ActiveCfg = Release|x64
		{C81457D0-F45D-454C-A011-779036B45B03}.Release|x64.Build.0 = Release|x64
		{C81457D0-F45D-454C-A011-779036B45B03}.Release|x64.Deploy.0 = Release|x64
		{C81457D0-F45D-454C-A011-779036B45B03}.Release|x86.ActiveCfg = Release|x86
		{C81457D0-F45D-454C-A011-779036B45B03}.Release|x86.Build.0 = Release|x86
		{C81457D0-F45D-454C-A011-779036B45B03}.Release|x86.Deploy.0 = Release|x86
	EndGlobalSection
	GlobalSection(SolutionProperties) = preSolution
		HideSolutionNode = FALSE
	EndGlobalSection
	GlobalSection(ExtensibilityGlobals) = postSolution
		SolutionGuid = {24B26443-CF61-4943-89BF-35AD3E8EBB80}
	EndGlobalSection
EndGlobal
